
Microsoft Visual Studio Solution File, Format Version 12.00
# Visual Studio 15
VisualStudioVersion = 15.0.26124.0
MinimumVisualStudioVersion = 15.0.26124.0
Project("{FAE04EC0-301F-11D3-BF4B-00C04F79EFBC}") = "HerosUI", "HerosUI\HerosUI.csproj", "{8C1609B1-EF80-434D-AA9A-A64F5A024605}"
EndProject
Project("{FAE04EC0-301F-11D3-BF4B-00C04F79EFBC}") = "Heroslib", "Heroslib\Heroslib.csproj", "{E797C512-665B-4479-8C01-2984FF665B4C}"
EndProject
Project("{FAE04EC0-301F-11D3-BF4B-00C04F79EFBC}") = "HerosDB", "HerosDB\HerosDB.csproj", "{CC7596F7-1839-4F2E-A081-A0B4FEE144CD}"
EndProject
Project("{FAE04EC0-301F-11D3-BF4B-00C04F79EFBC}") = "HerosTest", "HerosTest\HerosTest.csproj", "{6D19CBBC-250F-4E30-BF34-E05AC45BF146}"
EndProject
Project("{FAE04EC0-301F-11D3-BF4B-00C04F79EFBC}") = "HerosBL", "HerosBL\HerosBL.csproj", "{909FC531-0A08-4959-9566-B1DB69EAD4DC}"
EndProject
Global
	GlobalSection(SolutionConfigurationPlatforms) = preSolution
		Debug|Any CPU = Debug|Any CPU
		Debug|x64 = Debug|x64
		Debug|x86 = Debug|x86
		Release|Any CPU = Release|Any CPU
		Release|x64 = Release|x64
		Release|x86 = Release|x86
	EndGlobalSection
	GlobalSection(SolutionProperties) = preSolution
		HideSolutionNode = FALSE
	EndGlobalSection
	GlobalSection(ProjectConfigurationPlatforms) = postSolution
		{8C1609B1-EF80-434D-AA9A-A64F5A024605}.Debug|Any CPU.ActiveCfg = Debug|Any CPU
		{8C1609B1-EF80-434D-AA9A-A64F5A024605}.Debug|Any CPU.Build.0 = Debug|Any CPU
		{8C1609B1-EF80-434D-AA9A-A64F5A024605}.Debug|x64.ActiveCfg = Debug|Any CPU
		{8C1609B1-EF80-434D-AA9A-A64F5A024605}.Debug|x64.Build.0 = Debug|Any CPU
		{8C1609B1-EF80-434D-AA9A-A64F5A024605}.Debug|x86.ActiveCfg = Debug|Any CPU
		{8C1609B1-EF80-434D-AA9A-A64F5A024605}.Debug|x86.Build.0 = Debug|Any CPU
		{8C1609B1-EF80-434D-AA9A-A64F5A024605}.Release|Any CPU.ActiveCfg = Release|Any CPU
		{8C1609B1-EF80-434D-AA9A-A64F5A024605}.Release|Any CPU.Build.0 = Release|Any CPU
		{8C1609B1-EF80-434D-AA9A-A64F5A024605}.Release|x64.ActiveCfg = Release|Any CPU
		{8C1609B1-EF80-434D-AA9A-A64F5A024605}.Release|x64.Build.0 = Release|Any CPU
		{8C1609B1-EF80-434D-AA9A-A64F5A024605}.Release|x86.ActiveCfg = Release|Any CPU
		{8C1609B1-EF80-434D-AA9A-A64F5A024605}.Release|x86.Build.0 = Release|Any CPU
		{E797C512-665B-4479-8C01-2984FF665B4C}.Debug|Any CPU.ActiveCfg = Debug|Any CPU
		{E797C512-665B-4479-8C01-2984FF665B4C}.Debug|Any CPU.Build.0 = Debug|Any CPU
		{E797C512-665B-4479-8C01-2984FF665B4C}.Debug|x64.ActiveCfg = Debug|Any CPU
		{E797C512-665B-4479-8C01-2984FF665B4C}.Debug|x64.Build.0 = Debug|Any CPU
		{E797C512-665B-4479-8C01-2984FF665B4C}.Debug|x86.ActiveCfg = Debug|Any CPU
		{E797C512-665B-4479-8C01-2984FF665B4C}.Debug|x86.Build.0 = Debug|Any CPU
		{E797C512-665B-4479-8C01-2984FF665B4C}.Release|Any CPU.ActiveCfg = Release|Any CPU
		{E797C512-665B-4479-8C01-2984FF665B4C}.Release|Any CPU.Build.0 = Release|Any CPU
		{E797C512-665B-4479-8C01-2984FF665B4C}.Release|x64.ActiveCfg = Release|Any CPU
		{E797C512-665B-4479-8C01-2984FF665B4C}.Release|x64.Build.0 = Release|Any CPU
		{E797C512-665B-4479-8C01-2984FF665B4C}.Release|x86.ActiveCfg = Release|Any CPU
		{E797C512-665B-4479-8C01-2984FF665B4C}.Release|x86.Build.0 = Release|Any CPU
		{CC7596F7-1839-4F2E-A081-A0B4FEE144CD}.Debug|Any CPU.ActiveCfg = Debug|Any CPU
		{CC7596F7-1839-4F2E-A081-A0B4FEE144CD}.Debug|Any CPU.Build.0 = Debug|Any CPU
		{CC7596F7-1839-4F2E-A081-A0B4FEE144CD}.Debug|x64.ActiveCfg = Debug|Any CPU
		{CC7596F7-1839-4F2E-A081-A0B4FEE144CD}.Debug|x64.Build.0 = Debug|Any CPU
		{CC7596F7-1839-4F2E-A081-A0B4FEE144CD}.Debug|x86.ActiveCfg = Debug|Any CPU
		{CC7596F7-1839-4F2E-A081-A0B4FEE144CD}.Debug|x86.Build.0 = Debug|Any CPU
		{CC7596F7-1839-4F2E-A081-A0B4FEE144CD}.Release|Any CPU.ActiveCfg = Release|Any CPU
		{CC7596F7-1839-4F2E-A081-A0B4FEE144CD}.Release|Any CPU.Build.0 = Release|Any CPU
		{CC7596F7-1839-4F2E-A081-A0B4FEE144CD}.Release|x64.ActiveCfg = Release|Any CPU
		{CC7596F7-1839-4F2E-A081-A0B4FEE144CD}.Release|x64.Build.0 = Release|Any CPU
		{CC7596F7-1839-4F2E-A081-A0B4FEE144CD}.Release|x86.ActiveCfg = Release|Any CPU
		{CC7596F7-1839-4F2E-A081-A0B4FEE144CD}.Release|x86.Build.0 = Release|Any CPU
		{6D19CBBC-250F-4E30-BF34-E05AC45BF146}.Debug|Any CPU.ActiveCfg = Debug|Any CPU
		{6D19CBBC-250F-4E30-BF34-E05AC45BF146}.Debug|Any CPU.Build.0 = Debug|Any CPU
		{6D19CBBC-250F-4E30-BF34-E05AC45BF146}.Debug|x64.ActiveCfg = Debug|Any CPU
		{6D19CBBC-250F-4E30-BF34-E05AC45BF146}.Debug|x64.Build.0 = Debug|Any CPU
		{6D19CBBC-250F-4E30-BF34-E05AC45BF146}.Debug|x86.ActiveCfg = Debug|Any CPU
		{6D19CBBC-250F-4E30-BF34-E05AC45BF146}.Debug|x86.Build.0 = Debug|Any CPU
		{6D19CBBC-250F-4E30-BF34-E05AC45BF146}.Release|Any CPU.ActiveCfg = Release|Any CPU
		{6D19CBBC-250F-4E30-BF34-E05AC45BF146}.Release|Any CPU.Build.0 = Release|Any CPU
		{6D19CBBC-250F-4E30-BF34-E05AC45BF146}.Release|x64.ActiveCfg = Release|Any CPU
		{6D19CBBC-250F-4E30-BF34-E05AC45BF146}.Release|x64.Build.0 = Release|Any CPU
		{6D19CBBC-250F-4E30-BF34-E05AC45BF146}.Release|x86.ActiveCfg = Release|Any CPU
		{6D19CBBC-250F-4E30-BF34-E05AC45BF146}.Release|x86.Build.0 = Release|Any CPU
		{909FC531-0A08-4959-9566-B1DB69EAD4DC}.Debug|Any CPU.ActiveCfg = Debug|Any CPU
		{909FC531-0A08-4959-9566-B1DB69EAD4DC}.Debug|Any CPU.Build.0 = Debug|Any CPU
		{909FC531-0A08-4959-9566-B1DB69EAD4DC}.Debug|x64.ActiveCfg = Debug|Any CPU
		{909FC531-0A08-4959-9566-B1DB69EAD4DC}.Debug|x64.Build.0 = Debug|Any CPU
		{909FC531-0A08-4959-9566-B1DB69EAD4DC}.Debug|x86.ActiveCfg = Debug|Any CPU
		{909FC531-0A08-4959-9566-B1DB69EAD4DC}.Debug|x86.Build.0 = Debug|Any CPU
		{909FC531-0A08-4959-9566-B1DB69EAD4DC}.Release|Any CPU.ActiveCfg = Release|Any CPU
		{909FC531-0A08-4959-9566-B1DB69EAD4DC}.Release|Any CPU.Build.0 = Release|Any CPU
		{909FC531-0A08-4959-9566-B1DB69EAD4DC}.Release|x64.ActiveCfg = Release|Any CPU
		{909FC531-0A08-4959-9566-B1DB69EAD4DC}.Release|x64.Build.0 = Release|Any CPU
		{909FC531-0A08-4959-9566-B1DB69EAD4DC}.Release|x86.ActiveCfg = Release|Any CPU
		{909FC531-0A08-4959-9566-B1DB69EAD4DC}.Release|x86.Build.0 = Release|Any CPU
	EndGlobalSection
EndGlobal
